// !$*UTF8*$!
{
	archiveVersion = 1;
	classes = {
	};
	objectVersion = 46;
	objects = {

/* Begin PBXBuildFile section */
		B58B0B16208568B400146A34 /* IAScrollingData.c in Sources */ = {isa = PBXBuildFile; fileRef = B58B0AFC208568B400146A34 /* IAScrollingData.c */; };
		B58B0B18208568B400146A34 /* IATouchDelegate.c in Sources */ = {isa = PBXBuildFile; fileRef = B58B0AFD208568B400146A34 /* IATouchDelegate.c */; };
		B58B0B1A208568B400146A34 /* IATouchHandler.c in Sources */ = {isa = PBXBuildFile; fileRef = B58B0B03208568B400146A34 /* IATouchHandler.c */; };
		B58B0B1C208568B400146A34 /* IAMultiTouch.c in Sources */ = {isa = PBXBuildFile; fileRef = B58B0B05208568B400146A34 /* IAMultiTouch.c */; };
		B58B0B1E208568B400146A34 /* IAScrollView.c in Sources */ = {isa = PBXBuildFile; fileRef = B58B0B0A208568B400146A34 /* IAScrollView.c */; };
		B58B0B20208568B400146A34 /* IAButtonAttributes.c in Sources */ = {isa = PBXBuildFile; fileRef = B58B0B0E208568B400146A34 /* IAButtonAttributes.c */; };
		B58B0B22208568B400146A34 /* IAOverscrollingHandler.c in Sources */ = {isa = PBXBuildFile; fileRef = B58B0B10208568B400146A34 /* IAOverscrollingHandler.c */; };
		B58B0B24208568B400146A34 /* IAScrollViewAttributes.c in Sources */ = {isa = PBXBuildFile; fileRef = B58B0B11208568B400146A34 /* IAScrollViewAttributes.c */; };
		B58B0B26208568B400146A34 /* IATouchManager.c in Sources */ = {isa = PBXBuildFile; fileRef = B58B0B12208568B400146A34 /* IATouchManager.c */; };
		B58B0B28208568B400146A34 /* IATouch.c in Sources */ = {isa = PBXBuildFile; fileRef = B58B0B13208568B400146A34 /* IATouch.c */; };
		B58B0B2A208568B400146A34 /* IAButton.c in Sources */ = {isa = PBXBuildFile; fileRef = B58B0B14208568B400146A34 /* IAButton.c */; };
		B58B0B2C208568B400146A34 /* IATouchDelegateAttributes.c in Sources */ = {isa = PBXBuildFile; fileRef = B58B0B15208568B400146A34 /* IATouchDelegateAttributes.c */; };
		B59A3E231DECF8A100DF78E2 /* libExpat.a in Frameworks */ = {isa = PBXBuildFile; fileRef = B59A3E1F1DECF8A100DF78E2 /* libExpat.a */; };
		B59A3E241DECF8A100DF78E2 /* libInputOutput.a in Frameworks */ = {isa = PBXBuildFile; fileRef = B59A3E201DECF8A100DF78E2 /* libInputOutput.a */; };
		B59A3E251DECF8A100DF78E2 /* libMathLib.a in Frameworks */ = {isa = PBXBuildFile; fileRef = B59A3E211DECF8A100DF78E2 /* libMathLib.a */; };
/* End PBXBuildFile section */

/* Begin PBXContainerItemProxy section */
		B58B0AEA208568A200146A34 /* PBXContainerItemProxy */ = {
			isa = PBXContainerItemProxy;
			containerPortal = B58B0AE5208568A200146A34 /* CLib.xcodeproj */;
			proxyType = 2;
			remoteGlobalIDString = B55DE6BC1D882E9300F5B3E0;
			remoteInfo = CLib;
		};
		B58B0B37208568D000146A34 /* PBXContainerItemProxy */ = {
			isa = PBXContainerItemProxy;
			containerPortal = B58B0B2E208568CF00146A34 /* OpenGL.xcodeproj */;
			proxyType = 2;
			remoteGlobalIDString = B50521011DECD737003A7ABF;
			remoteInfo = OpenGL;
		};
		B58B0B39208568D000146A34 /* PBXContainerItemProxy */ = {
			isa = PBXContainerItemProxy;
			containerPortal = B58B0B2E208568CF00146A34 /* OpenGL.xcodeproj */;
			proxyType = 2;
			remoteGlobalIDString = B505210C1DECD737003A7ABF;
			remoteInfo = OpenGLTests;
		};
		B58B0D1820856B8800146A34 /* PBXContainerItemProxy */ = {
			isa = PBXContainerItemProxy;
			containerPortal = B58B0AE5208568A200146A34 /* CLib.xcodeproj */;
			proxyType = 1;
			remoteGlobalIDString = B55DE6BB1D882E9300F5B3E0;
			remoteInfo = CLib;
		};
		B58B0D1A20856B8800146A34 /* PBXContainerItemProxy */ = {
			isa = PBXContainerItemProxy;
			containerPortal = B58B0B2E208568CF00146A34 /* OpenGL.xcodeproj */;
			proxyType = 1;
			remoteGlobalIDString = B50521001DECD737003A7ABF;
			remoteInfo = OpenGL;
		};
		B58B0D1C20856B8800146A34 /* PBXContainerItemProxy */ = {
			isa = PBXContainerItemProxy;
			containerPortal = B58B0AE5208568A200146A34 /* CLib.xcodeproj */;
			proxyType = 1;
			remoteGlobalIDString = B55DE6BB1D882E9300F5B3E0;
			remoteInfo = CLib;
		};
		B58B0D1E20856B8800146A34 /* PBXContainerItemProxy */ = {
			isa = PBXContainerItemProxy;
			containerPortal = B58B0AE5208568A200146A34 /* CLib.xcodeproj */;
			proxyType = 1;
			remoteGlobalIDString = B55DE6BB1D882E9300F5B3E0;
			remoteInfo = CLib;
		};
/* End PBXContainerItemProxy section */

/* Begin PBXCopyFilesBuildPhase section */
		B50D4CC81DECE153002270D7 /* CopyFiles */ = {
			isa = PBXCopyFilesBuildPhase;
			buildActionMask = 2147483647;
			dstPath = "include/$(PRODUCT_NAME)";
			dstSubfolderSpec = 16;
			files = (
			);
			runOnlyForDeploymentPostprocessing = 0;
		};
/* End PBXCopyFilesBuildPhase section */

/* Begin PBXFileReference section */
		B50D4CCA1DECE153002270D7 /* libMultiTouch.a */ = {isa = PBXFileReference; explicitFileType = archive.ar; includeInIndex = 0; path = libMultiTouch.a; sourceTree = BUILT_PRODUCTS_DIR; };
		B58B0AE5208568A200146A34 /* CLib.xcodeproj */ = {isa = PBXFileReference; lastKnownFileType = "wrapper.pb-project"; name = CLib.xcodeproj; path = ../../clib/xcode/CLib.xcodeproj; sourceTree = "<group>"; };
		B58B0AF1208568B400146A34 /* IATouchHandler+Generated.h */ = {isa = PBXFileReference; fileEncoding = 4; lastKnownFileType = sourcecode.c.h; path = "IATouchHandler+Generated.h"; sourceTree = "<group>"; };
		B58B0AF2208568B400146A34 /* multi-touch+Generated.h */ = {isa = PBXFileReference; fileEncoding = 4; lastKnownFileType = sourcecode.c.h; path = "multi-touch+Generated.h"; sourceTree = "<group>"; };
		B58B0AF3208568B400146A34 /* IATouchDelegateAttributes+Generated.h */ = {isa = PBXFileReference; fileEncoding = 4; lastKnownFileType = sourcecode.c.h; path = "IATouchDelegateAttributes+Generated.h"; sourceTree = "<group>"; };
		B58B0AF4208568B400146A34 /* IATouchDelegate+Generated.h */ = {isa = PBXFileReference; fileEncoding = 4; lastKnownFileType = sourcecode.c.h; path = "IATouchDelegate+Generated.h"; sourceTree = "<group>"; };
		B58B0AF5208568B400146A34 /* IATouch+Generated.h */ = {isa = PBXFileReference; fileEncoding = 4; lastKnownFileType = sourcecode.c.h; path = "IATouch+Generated.h"; sourceTree = "<group>"; };
		B58B0AF6208568B400146A34 /* IAScrollingData+Generated.h */ = {isa = PBXFileReference; fileEncoding = 4; lastKnownFileType = sourcecode.c.h; path = "IAScrollingData+Generated.h"; sourceTree = "<group>"; };
		B58B0AF7208568B400146A34 /* IAOverscrollingHandler+Generated.h */ = {isa = PBXFileReference; fileEncoding = 4; lastKnownFileType = sourcecode.c.h; path = "IAOverscrollingHandler+Generated.h"; sourceTree = "<group>"; };
		B58B0AF8208568B400146A34 /* IAScrollView+Generated.h */ = {isa = PBXFileReference; fileEncoding = 4; lastKnownFileType = sourcecode.c.h; path = "IAScrollView+Generated.h"; sourceTree = "<group>"; };
		B58B0AF9208568B400146A34 /* IAScrollViewAttributes+Generated.h */ = {isa = PBXFileReference; fileEncoding = 4; lastKnownFileType = sourcecode.c.h; path = "IAScrollViewAttributes+Generated.h"; sourceTree = "<group>"; };
		B58B0AFA208568B400146A34 /* IAButtonAttributes+Generated.h */ = {isa = PBXFileReference; fileEncoding = 4; lastKnownFileType = sourcecode.c.h; path = "IAButtonAttributes+Generated.h"; sourceTree = "<group>"; };
		B58B0AFB208568B400146A34 /* IAButton+Generated.h */ = {isa = PBXFileReference; fileEncoding = 4; lastKnownFileType = sourcecode.c.h; path = "IAButton+Generated.h"; sourceTree = "<group>"; };
		B58B0AFC208568B400146A34 /* IAScrollingData.c */ = {isa = PBXFileReference; fileEncoding = 4; lastKnownFileType = sourcecode.c.c; path = IAScrollingData.c; sourceTree = "<group>"; };
		B58B0AFD208568B400146A34 /* IATouchDelegate.c */ = {isa = PBXFileReference; fileEncoding = 4; lastKnownFileType = sourcecode.c.c; path = IATouchDelegate.c; sourceTree = "<group>"; };
		B58B0AFE208568B400146A34 /* IAScrollView.h */ = {isa = PBXFileReference; fileEncoding = 4; lastKnownFileType = sourcecode.c.h; path = IAScrollView.h; sourceTree = "<group>"; };
		B58B0AFF208568B400146A34 /* IATouchManager.h */ = {isa = PBXFileReference; fileEncoding = 4; lastKnownFileType = sourcecode.c.h; path = IATouchManager.h; sourceTree = "<group>"; };
		B58B0B00208568B400146A34 /* IATouch+Internal.h */ = {isa = PBXFileReference; fileEncoding = 4; lastKnownFileType = sourcecode.c.h; path = "IATouch+Internal.h"; sourceTree = "<group>"; };
		B58B0B01208568B400146A34 /* IAScrollViewAttributes.h */ = {isa = PBXFileReference; fileEncoding = 4; lastKnownFileType = sourcecode.c.h; path = IAScrollViewAttributes.h; sourceTree = "<group>"; };
		B58B0B02208568B400146A34 /* IAButtonAttributes.h */ = {isa = PBXFileReference; fileEncoding = 4; lastKnownFileType = sourcecode.c.h; path = IAButtonAttributes.h; sourceTree = "<group>"; };
		B58B0B03208568B400146A34 /* IATouchHandler.c */ = {isa = PBXFileReference; fileEncoding = 4; lastKnownFileType = sourcecode.c.c; path = IATouchHandler.c; sourceTree = "<group>"; };
		B58B0B04208568B400146A34 /* IAOverscrollingHandler.h */ = {isa = PBXFileReference; fileEncoding = 4; lastKnownFileType = sourcecode.c.h; path = IAOverscrollingHandler.h; sourceTree = "<group>"; };
		B58B0B05208568B400146A34 /* IAMultiTouch.c */ = {isa = PBXFileReference; fileEncoding = 4; lastKnownFileType = sourcecode.c.c; path = IAMultiTouch.c; sourceTree = "<group>"; };
		B58B0B06208568B400146A34 /* IATouch.h */ = {isa = PBXFileReference; fileEncoding = 4; lastKnownFileType = sourcecode.c.h; path = IATouch.h; sourceTree = "<group>"; };
		B58B0B07208568B400146A34 /* IAButton.h */ = {isa = PBXFileReference; fileEncoding = 4; lastKnownFileType = sourcecode.c.h; path = IAButton.h; sourceTree = "<group>"; };
		B58B0B08208568B400146A34 /* IATouchDelegateAttributes.h */ = {isa = PBXFileReference; fileEncoding = 4; lastKnownFileType = sourcecode.c.h; path = IATouchDelegateAttributes.h; sourceTree = "<group>"; };
		B58B0B09208568B400146A34 /* IAOverscrollingBehavior.h */ = {isa = PBXFileReference; fileEncoding = 4; lastKnownFileType = sourcecode.c.h; path = IAOverscrollingBehavior.h; sourceTree = "<group>"; };
		B58B0B0A208568B400146A34 /* IAScrollView.c */ = {isa = PBXFileReference; fileEncoding = 4; lastKnownFileType = sourcecode.c.c; path = IAScrollView.c; sourceTree = "<group>"; };
		B58B0B0B208568B400146A34 /* IAScrollingData.h */ = {isa = PBXFileReference; fileEncoding = 4; lastKnownFileType = sourcecode.c.h; path = IAScrollingData.h; sourceTree = "<group>"; };
		B58B0B0C208568B400146A34 /* IATouchDelegate.h */ = {isa = PBXFileReference; fileEncoding = 4; lastKnownFileType = sourcecode.c.h; path = IATouchDelegate.h; sourceTree = "<group>"; };
		B58B0B0D208568B400146A34 /* IATouchHandler.h */ = {isa = PBXFileReference; fileEncoding = 4; lastKnownFileType = sourcecode.c.h; path = IATouchHandler.h; sourceTree = "<group>"; };
		B58B0B0E208568B400146A34 /* IAButtonAttributes.c */ = {isa = PBXFileReference; fileEncoding = 4; lastKnownFileType = sourcecode.c.c; path = IAButtonAttributes.c; sourceTree = "<group>"; };
		B58B0B0F208568B400146A34 /* IAMultiTouch.h */ = {isa = PBXFileReference; fileEncoding = 4; lastKnownFileType = sourcecode.c.h; path = IAMultiTouch.h; sourceTree = "<group>"; };
		B58B0B10208568B400146A34 /* IAOverscrollingHandler.c */ = {isa = PBXFileReference; fileEncoding = 4; lastKnownFileType = sourcecode.c.c; path = IAOverscrollingHandler.c; sourceTree = "<group>"; };
		B58B0B11208568B400146A34 /* IAScrollViewAttributes.c */ = {isa = PBXFileReference; fileEncoding = 4; lastKnownFileType = sourcecode.c.c; path = IAScrollViewAttributes.c; sourceTree = "<group>"; };
		B58B0B12208568B400146A34 /* IATouchManager.c */ = {isa = PBXFileReference; fileEncoding = 4; lastKnownFileType = sourcecode.c.c; path = IATouchManager.c; sourceTree = "<group>"; };
		B58B0B13208568B400146A34 /* IATouch.c */ = {isa = PBXFileReference; fileEncoding = 4; lastKnownFileType = sourcecode.c.c; path = IATouch.c; sourceTree = "<group>"; };
		B58B0B14208568B400146A34 /* IAButton.c */ = {isa = PBXFileReference; fileEncoding = 4; lastKnownFileType = sourcecode.c.c; path = IAButton.c; sourceTree = "<group>"; };
		B58B0B15208568B400146A34 /* IATouchDelegateAttributes.c */ = {isa = PBXFileReference; fileEncoding = 4; lastKnownFileType = sourcecode.c.c; path = IATouchDelegateAttributes.c; sourceTree = "<group>"; };
		B58B0B2E208568CF00146A34 /* OpenGL.xcodeproj */ = {isa = PBXFileReference; lastKnownFileType = "wrapper.pb-project"; name = OpenGL.xcodeproj; path = ../../opengl/xcode/OpenGL.xcodeproj; sourceTree = "<group>"; };
		B59A3E1E1DECF8A100DF78E2 /* libConcurrentLib.a */ = {isa = PBXFileReference; lastKnownFileType = archive.ar; name = libConcurrentLib.a; path = "../../../../../../../../Library/Developer/Xcode/DerivedData/MultiTouch-gdkjhrafbzpaohffrnstovtitvij/Build/Products/Debug-iphonesimulator/libConcurrentLib.a"; sourceTree = "<group>"; };
		B59A3E1F1DECF8A100DF78E2 /* libExpat.a */ = {isa = PBXFileReference; lastKnownFileType = archive.ar; name = libExpat.a; path = "../../../../../../../../Library/Developer/Xcode/DerivedData/MultiTouch-gdkjhrafbzpaohffrnstovtitvij/Build/Products/Debug-iphonesimulator/libExpat.a"; sourceTree = "<group>"; };
		B59A3E201DECF8A100DF78E2 /* libInputOutput.a */ = {isa = PBXFileReference; lastKnownFileType = archive.ar; name = libInputOutput.a; path = "../../../../../../../../Library/Developer/Xcode/DerivedData/MultiTouch-gdkjhrafbzpaohffrnstovtitvij/Build/Products/Debug-iphonesimulator/libInputOutput.a"; sourceTree = "<group>"; };
		B59A3E211DECF8A100DF78E2 /* libMathLib.a */ = {isa = PBXFileReference; lastKnownFileType = archive.ar; name = libMathLib.a; path = "../../../../../../../../Library/Developer/Xcode/DerivedData/MultiTouch-gdkjhrafbzpaohffrnstovtitvij/Build/Products/Debug-iphonesimulator/libMathLib.a"; sourceTree = "<group>"; };
/* End PBXFileReference section */

/* Begin PBXFrameworksBuildPhase section */
		B50D4CC71DECE153002270D7 /* Frameworks */ = {
			isa = PBXFrameworksBuildPhase;
			buildActionMask = 2147483647;
			files = (
				B59A3E231DECF8A100DF78E2 /* libExpat.a in Frameworks */,
				B59A3E241DECF8A100DF78E2 /* libInputOutput.a in Frameworks */,
				B59A3E251DECF8A100DF78E2 /* libMathLib.a in Frameworks */,
			);
			runOnlyForDeploymentPostprocessing = 0;
		};
/* End PBXFrameworksBuildPhase section */

/* Begin PBXGroup section */
		B50D4CC11DECE153002270D7 = {
			isa = PBXGroup;
			children = (
				B58B0AE5208568A200146A34 /* CLib.xcodeproj */,
				B58B0B2E208568CF00146A34 /* OpenGL.xcodeproj */,
				B51AB2F01E0C42E6002F5B75 /* MultiTouch */,
				B50D4CCB1DECE153002270D7 /* Products */,
				B59A3E1D1DECF8A100DF78E2 /* Frameworks */,
			);
			sourceTree = "<group>";
		};
		B50D4CCB1DECE153002270D7 /* Products */ = {
			isa = PBXGroup;
			children = (
				B50D4CCA1DECE153002270D7 /* libMultiTouch.a */,
			);
			name = Products;
			sourceTree = "<group>";
		};
		B51AB2F01E0C42E6002F5B75 /* MultiTouch */ = {
			isa = PBXGroup;
			children = (
				B58B0AEE208568B400146A34 /* shared */,
			);
			name = MultiTouch;
			sourceTree = "<group>";
		};
		B58B0AE6208568A200146A34 /* Products */ = {
			isa = PBXGroup;
			children = (
				B58B0AEB208568A200146A34 /* libCLib.a */,
			);
			name = Products;
			sourceTree = "<group>";
		};
		B58B0AEE208568B400146A34 /* shared */ = {
			isa = PBXGroup;
			children = (
				B58B0AEF208568B400146A34 /* generics */,
				B58B0AFC208568B400146A34 /* IAScrollingData.c */,
				B58B0AFD208568B400146A34 /* IATouchDelegate.c */,
				B58B0AFE208568B400146A34 /* IAScrollView.h */,
				B58B0AFF208568B400146A34 /* IATouchManager.h */,
				B58B0B00208568B400146A34 /* IATouch+Internal.h */,
				B58B0B01208568B400146A34 /* IAScrollViewAttributes.h */,
				B58B0B02208568B400146A34 /* IAButtonAttributes.h */,
				B58B0B03208568B400146A34 /* IATouchHandler.c */,
				B58B0B04208568B400146A34 /* IAOverscrollingHandler.h */,
				B58B0B05208568B400146A34 /* IAMultiTouch.c */,
				B58B0B06208568B400146A34 /* IATouch.h */,
				B58B0B07208568B400146A34 /* IAButton.h */,
				B58B0B08208568B400146A34 /* IATouchDelegateAttributes.h */,
				B58B0B09208568B400146A34 /* IAOverscrollingBehavior.h */,
				B58B0B0A208568B400146A34 /* IAScrollView.c */,
				B58B0B0B208568B400146A34 /* IAScrollingData.h */,
				B58B0B0C208568B400146A34 /* IATouchDelegate.h */,
				B58B0B0D208568B400146A34 /* IATouchHandler.h */,
				B58B0B0E208568B400146A34 /* IAButtonAttributes.c */,
				B58B0B0F208568B400146A34 /* IAMultiTouch.h */,
				B58B0B10208568B400146A34 /* IAOverscrollingHandler.c */,
				B58B0B11208568B400146A34 /* IAScrollViewAttributes.c */,
				B58B0B12208568B400146A34 /* IATouchManager.c */,
				B58B0B13208568B400146A34 /* IATouch.c */,
				B58B0B14208568B400146A34 /* IAButton.c */,
				B58B0B15208568B400146A34 /* IATouchDelegateAttributes.c */,
			);
			name = shared;
			path = ../c/shared;
			sourceTree = "<group>";
		};
		B58B0AEF208568B400146A34 /* generics */ = {
			isa = PBXGroup;
			children = (
				B58B0AF0208568B400146A34 /* headers */,
			);
			path = generics;
			sourceTree = "<group>";
		};
		B58B0AF0208568B400146A34 /* headers */ = {
			isa = PBXGroup;
			children = (
				B58B0AF1208568B400146A34 /* IATouchHandler+Generated.h */,
				B58B0AF2208568B400146A34 /* multi-touch+Generated.h */,
				B58B0AF3208568B400146A34 /* IATouchDelegateAttributes+Generated.h */,
				B58B0AF4208568B400146A34 /* IATouchDelegate+Generated.h */,
				B58B0AF5208568B400146A34 /* IATouch+Generated.h */,
				B58B0AF6208568B400146A34 /* IAScrollingData+Generated.h */,
				B58B0AF7208568B400146A34 /* IAOverscrollingHandler+Generated.h */,
				B58B0AF8208568B400146A34 /* IAScrollView+Generated.h */,
				B58B0AF9208568B400146A34 /* IAScrollViewAttributes+Generated.h */,
				B58B0AFA208568B400146A34 /* IAButtonAttributes+Generated.h */,
				B58B0AFB208568B400146A34 /* IAButton+Generated.h */,
			);
			path = headers;
			sourceTree = "<group>";
		};
		B58B0B2F208568CF00146A34 /* Products */ = {
			isa = PBXGroup;
			children = (
				B58B0B38208568D000146A34 /* libOpenGL.a */,
				B58B0B3A208568D000146A34 /* OpenGLTests.xctest */,
			);
			name = Products;
			sourceTree = "<group>";
		};
		B59A3E1D1DECF8A100DF78E2 /* Frameworks */ = {
			isa = PBXGroup;
			children = (
				B59A3E1E1DECF8A100DF78E2 /* libConcurrentLib.a */,
				B59A3E1F1DECF8A100DF78E2 /* libExpat.a */,
				B59A3E201DECF8A100DF78E2 /* libInputOutput.a */,
				B59A3E211DECF8A100DF78E2 /* libMathLib.a */,
			);
			name = Frameworks;
			sourceTree = "<group>";
		};
/* End PBXGroup section */

/* Begin PBXNativeTarget section */
		B50D4CC91DECE153002270D7 /* MultiTouch */ = {
			isa = PBXNativeTarget;
			buildConfigurationList = B50D4CDE1DECE154002270D7 /* Build configuration list for PBXNativeTarget "MultiTouch" */;
			buildPhases = (
				B59A3E431DECFA0F00DF78E2 /* ShellScript */,
				B50D4CC61DECE153002270D7 /* Sources */,
				B50D4CC71DECE153002270D7 /* Frameworks */,
				B50D4CC81DECE153002270D7 /* CopyFiles */,
			);
			buildRules = (
			);
			dependencies = (
				B58B0D1920856B8800146A34 /* PBXTargetDependency */,
				B58B0D1B20856B8800146A34 /* PBXTargetDependency */,
				B58B0D1D20856B8800146A34 /* PBXTargetDependency */,
				B58B0D1F20856B8800146A34 /* PBXTargetDependency */,
			);
			name = MultiTouch;
			productName = MultiTouch;
			productReference = B50D4CCA1DECE153002270D7 /* libMultiTouch.a */;
			productType = "com.apple.product-type.library.static";
		};
/* End PBXNativeTarget section */

/* Begin PBXProject section */
		B50D4CC21DECE153002270D7 /* Project object */ = {
			isa = PBXProject;
			attributes = {
				LastUpgradeCheck = 0610;
				ORGANIZATIONNAME = "Konstantin Merker, Paul Wallrabe und Martin Krautschick GbR (Imps Apps)";
				TargetAttributes = {
					B50D4CC91DECE153002270D7 = {
						CreatedOnToolsVersion = 6.1.1;
					};
				};
			};
			buildConfigurationList = B50D4CC51DECE153002270D7 /* Build configuration list for PBXProject "MultiTouch" */;
			compatibilityVersion = "Xcode 3.2";
			developmentRegion = English;
			hasScannedForEncodings = 0;
			knownRegions = (
				en,
			);
			mainGroup = B50D4CC11DECE153002270D7;
			productRefGroup = B50D4CCB1DECE153002270D7 /* Products */;
			projectDirPath = "";
			projectReferences = (
				{
					ProductGroup = B58B0AE6208568A200146A34 /* Products */;
					ProjectRef = B58B0AE5208568A200146A34 /* CLib.xcodeproj */;
				},
				{
					ProductGroup = B58B0B2F208568CF00146A34 /* Products */;
					ProjectRef = B58B0B2E208568CF00146A34 /* OpenGL.xcodeproj */;
				},
			);
			projectRoot = "";
			targets = (
				B50D4CC91DECE153002270D7 /* MultiTouch */,
			);
		};
/* End PBXProject section */

/* Begin PBXReferenceProxy section */
		B58B0AEB208568A200146A34 /* libCLib.a */ = {
			isa = PBXReferenceProxy;
			fileType = archive.ar;
			path = libCLib.a;
			remoteRef = B58B0AEA208568A200146A34 /* PBXContainerItemProxy */;
			sourceTree = BUILT_PRODUCTS_DIR;
		};
		B58B0B38208568D000146A34 /* libOpenGL.a */ = {
			isa = PBXReferenceProxy;
			fileType = archive.ar;
			path = libOpenGL.a;
			remoteRef = B58B0B37208568D000146A34 /* PBXContainerItemProxy */;
			sourceTree = BUILT_PRODUCTS_DIR;
		};
		B58B0B3A208568D000146A34 /* OpenGLTests.xctest */ = {
			isa = PBXReferenceProxy;
			fileType = wrapper.cfbundle;
			path = OpenGLTests.xctest;
			remoteRef = B58B0B39208568D000146A34 /* PBXContainerItemProxy */;
			sourceTree = BUILT_PRODUCTS_DIR;
		};
/* End PBXReferenceProxy section */

/* Begin PBXShellScriptBuildPhase section */
		B59A3E431DECFA0F00DF78E2 /* ShellScript */ = {
			isa = PBXShellScriptBuildPhase;
			buildActionMask = 2147483647;
			files = (
			);
			inputPaths = (
			);
			outputPaths = (
			);
			runOnlyForDeploymentPostprocessing = 0;
			shellPath = /bin/sh;
			shellScript = "cd \"$SRCROOT/../../../../scripts/perl/build-modules\"\nperl BuildIOSModule.pl multi-touch";
		};
/* End PBXShellScriptBuildPhase section */

/* Begin PBXSourcesBuildPhase section */
		B50D4CC61DECE153002270D7 /* Sources */ = {
			isa = PBXSourcesBuildPhase;
			buildActionMask = 2147483647;
			files = (
				B58B0B1A208568B400146A34 /* IATouchHandler.c in Sources */,
				B58B0B22208568B400146A34 /* IAOverscrollingHandler.c in Sources */,
				B58B0B18208568B400146A34 /* IATouchDelegate.c in Sources */,
				B58B0B20208568B400146A34 /* IAButtonAttributes.c in Sources */,
				B58B0B24208568B400146A34 /* IAScrollViewAttributes.c in Sources */,
				B58B0B28208568B400146A34 /* IATouch.c in Sources */,
				B58B0B16208568B400146A34 /* IAScrollingData.c in Sources */,
				B58B0B2C208568B400146A34 /* IATouchDelegateAttributes.c in Sources */,
				B58B0B26208568B400146A34 /* IATouchManager.c in Sources */,
				B58B0B2A208568B400146A34 /* IAButton.c in Sources */,
				B58B0B1C208568B400146A34 /* IAMultiTouch.c in Sources */,
				B58B0B1E208568B400146A34 /* IAScrollView.c in Sources */,
			);
			runOnlyForDeploymentPostprocessing = 0;
		};
/* End PBXSourcesBuildPhase section */

/* Begin PBXTargetDependency section */
		B58B0D1920856B8800146A34 /* PBXTargetDependency */ = {
			isa = PBXTargetDependency;
			name = CLib;
			targetProxy = B58B0D1820856B8800146A34 /* PBXContainerItemProxy */;
		};
		B58B0D1B20856B8800146A34 /* PBXTargetDependency */ = {
			isa = PBXTargetDependency;
			name = OpenGL;
			targetProxy = B58B0D1A20856B8800146A34 /* PBXContainerItemProxy */;
		};
		B58B0D1D20856B8800146A34 /* PBXTargetDependency */ = {
			isa = PBXTargetDependency;
			name = CLib;
			targetProxy = B58B0D1C20856B8800146A34 /* PBXContainerItemProxy */;
		};
		B58B0D1F20856B8800146A34 /* PBXTargetDependency */ = {
			isa = PBXTargetDependency;
			name = CLib;
			targetProxy = B58B0D1E20856B8800146A34 /* PBXContainerItemProxy */;
		};
/* End PBXTargetDependency section */

/* Begin XCBuildConfiguration section */
		B50D4CDC1DECE154002270D7 /* Debug */ = {
			isa = XCBuildConfiguration;
			buildSettings = {
				ALWAYS_SEARCH_USER_PATHS = NO;
				CLANG_CXX_LANGUAGE_STANDARD = "gnu++0x";
				CLANG_CXX_LIBRARY = "libc++";
				CLANG_ENABLE_MODULES = YES;
				CLANG_ENABLE_OBJC_ARC = YES;
				CLANG_WARN_BOOL_CONVERSION = YES;
				CLANG_WARN_CONSTANT_CONVERSION = YES;
				CLANG_WARN_DIRECT_OBJC_ISA_USAGE = YES_ERROR;
				CLANG_WARN_EMPTY_BODY = YES;
				CLANG_WARN_ENUM_CONVERSION = YES;
				CLANG_WARN_INT_CONVERSION = YES;
				CLANG_WARN_OBJC_ROOT_CLASS = YES_ERROR;
				CLANG_WARN_UNREACHABLE_CODE = YES;
				CLANG_WARN__DUPLICATE_METHOD_MATCH = YES;
				COPY_PHASE_STRIP = NO;
				ENABLE_STRICT_OBJC_MSGSEND = YES;
				GCC_C_LANGUAGE_STANDARD = gnu99;
				GCC_DYNAMIC_NO_PIC = NO;
				GCC_OPTIMIZATION_LEVEL = 0;
				GCC_PREPROCESSOR_DEFINITIONS = (
					"DEBUG=1",
					"$(inherited)",
				);
				GCC_SYMBOLS_PRIVATE_EXTERN = NO;
				GCC_WARN_64_TO_32_BIT_CONVERSION = YES;
				GCC_WARN_ABOUT_RETURN_TYPE = YES_ERROR;
				GCC_WARN_UNDECLARED_SELECTOR = YES;
				GCC_WARN_UNINITIALIZED_AUTOS = YES_AGGRESSIVE;
				GCC_WARN_UNUSED_FUNCTION = YES;
				GCC_WARN_UNUSED_VARIABLE = YES;
				IPHONEOS_DEPLOYMENT_TARGET = 6.0;
				MTL_ENABLE_DEBUG_INFO = YES;
				ONLY_ACTIVE_ARCH = YES;
				SDKROOT = iphoneos;
				USER_HEADER_SEARCH_PATHS = "$(PROJECT_DIR)/../../../../include/ios/common/**";
			};
			name = Debug;
		};
		B50D4CDD1DECE154002270D7 /* Release */ = {
			isa = XCBuildConfiguration;
			buildSettings = {
				ALWAYS_SEARCH_USER_PATHS = NO;
				CLANG_CXX_LANGUAGE_STANDARD = "gnu++0x";
				CLANG_CXX_LIBRARY = "libc++";
				CLANG_ENABLE_MODULES = YES;
				CLANG_ENABLE_OBJC_ARC = YES;
				CLANG_WARN_BOOL_CONVERSION = YES;
				CLANG_WARN_CONSTANT_CONVERSION = YES;
				CLANG_WARN_DIRECT_OBJC_ISA_USAGE = YES_ERROR;
				CLANG_WARN_EMPTY_BODY = YES;
				CLANG_WARN_ENUM_CONVERSION = YES;
				CLANG_WARN_INT_CONVERSION = YES;
				CLANG_WARN_OBJC_ROOT_CLASS = YES_ERROR;
				CLANG_WARN_UNREACHABLE_CODE = YES;
				CLANG_WARN__DUPLICATE_METHOD_MATCH = YES;
				COPY_PHASE_STRIP = YES;
				ENABLE_NS_ASSERTIONS = NO;
				ENABLE_STRICT_OBJC_MSGSEND = YES;
				GCC_C_LANGUAGE_STANDARD = gnu99;
				GCC_WARN_64_TO_32_BIT_CONVERSION = YES;
				GCC_WARN_ABOUT_RETURN_TYPE = YES_ERROR;
				GCC_WARN_UNDECLARED_SELECTOR = YES;
				GCC_WARN_UNINITIALIZED_AUTOS = YES_AGGRESSIVE;
				GCC_WARN_UNUSED_FUNCTION = YES;
				GCC_WARN_UNUSED_VARIABLE = YES;
				IPHONEOS_DEPLOYMENT_TARGET = 6.0;
				MTL_ENABLE_DEBUG_INFO = NO;
				SDKROOT = iphoneos;
				USER_HEADER_SEARCH_PATHS = "$(PROJECT_DIR)/../../../../include/ios/common/**";
				VALIDATE_PRODUCT = YES;
			};
			name = Release;
		};
		B50D4CDF1DECE154002270D7 /* Debug */ = {
			isa = XCBuildConfiguration;
			buildSettings = {
				OTHER_LDFLAGS = "-ObjC";
				PRODUCT_NAME = "$(TARGET_NAME)";
				SKIP_INSTALL = YES;
			};
			name = Debug;
		};
		B50D4CE01DECE154002270D7 /* Release */ = {
			isa = XCBuildConfiguration;
			buildSettings = {
				OTHER_LDFLAGS = "-ObjC";
				PRODUCT_NAME = "$(TARGET_NAME)";
				SKIP_INSTALL = YES;
			};
			name = Release;
		};
/* End XCBuildConfiguration section */

/* Begin XCConfigurationList section */
		B50D4CC51DECE153002270D7 /* Build configuration list for PBXProject "MultiTouch" */ = {
			isa = XCConfigurationList;
			buildConfigurations = (
				B50D4CDC1DECE154002270D7 /* Debug */,
				B50D4CDD1DECE154002270D7 /* Release */,
			);
			defaultConfigurationIsVisible = 0;
			defaultConfigurationName = Release;
		};
		B50D4CDE1DECE154002270D7 /* Build configuration list for PBXNativeTarget "MultiTouch" */ = {
			isa = XCConfigurationList;
			buildConfigurations = (
				B50D4CDF1DECE154002270D7 /* Debug */,
				B50D4CE01DECE154002270D7 /* Release */,
			);
			defaultConfigurationIsVisible = 0;
			defaultConfigurationName = Release;
		};
/* End XCConfigurationList section */
	};
	rootObject = B50D4CC21DECE153002270D7 /* Project object */;
}
