// !$*UTF8*$!
{
	archiveVersion = 1;
	classes = {
	};
	objectVersion = 46;
	objects = {

/* Begin PBXBuildFile section */
		B58B0D6220856BF100146A34 /* IAAppEntryPoint.c in Sources */ = {isa = PBXBuildFile; fileRef = B58B0D4120856BF100146A34 /* IAAppEntryPoint.c */; };
		B58B0D6420856BF100146A34 /* IAAppAttributes.c in Sources */ = {isa = PBXBuildFile; fileRef = B58B0D4320856BF100146A34 /* IAAppAttributes.c */; };
		B58B0D6620856BF100146A34 /* IAAppHandler.c in Sources */ = {isa = PBXBuildFile; fileRef = B58B0D4B20856BF100146A34 /* IAAppHandler.c */; };
		B58B0D6820856BF100146A34 /* IAApp.c in Sources */ = {isa = PBXBuildFile; fileRef = B58B0D4C20856BF100146A34 /* IAApp.c */; };
		B58B0D6A20856BF100146A34 /* IAInterfaceOrientationMask+iOS.m in Sources */ = {isa = PBXBuildFile; fileRef = B58B0D5320856BF100146A34 /* IAInterfaceOrientationMask+iOS.m */; };
		B58B0D6C20856BF100146A34 /* IAMultisample+iOS.m in Sources */ = {isa = PBXBuildFile; fileRef = B58B0D5420856BF100146A34 /* IAMultisample+iOS.m */; };
		B58B0D6E20856BF100146A34 /* IAStencilFormat+iOS.m in Sources */ = {isa = PBXBuildFile; fileRef = B58B0D5520856BF100146A34 /* IAStencilFormat+iOS.m */; };
		B58B0D7020856BF100146A34 /* IADepthFormat+iOS.m in Sources */ = {isa = PBXBuildFile; fileRef = B58B0D5620856BF100146A34 /* IADepthFormat+iOS.m */; };
		B58B0D7220856BF100146A34 /* IAColorFormat+iOS.m in Sources */ = {isa = PBXBuildFile; fileRef = B58B0D5820856BF100146A34 /* IAColorFormat+iOS.m */; };
		B58B0D7420856BF100146A34 /* IADefaultUIApplicationDelegate.m in Sources */ = {isa = PBXBuildFile; fileRef = B58B0D5C20856BF100146A34 /* IADefaultUIApplicationDelegate.m */; };
		B58B0D7620856BF100146A34 /* IAOpenGLViewControllerHolder.m in Sources */ = {isa = PBXBuildFile; fileRef = B58B0D5F20856BF100146A34 /* IAOpenGLViewControllerHolder.m */; };
		B58B0D7820856BF100146A34 /* IAOpenGLViewController.m in Sources */ = {isa = PBXBuildFile; fileRef = B58B0D6120856BF100146A34 /* IAOpenGLViewController.m */; };
		B59A3EE31DECFC0100DF78E2 /* libExpat.a in Frameworks */ = {isa = PBXBuildFile; fileRef = B59A3EDF1DECFC0100DF78E2 /* libExpat.a */; };
		B59A3EE41DECFC0100DF78E2 /* libInputOutput.a in Frameworks */ = {isa = PBXBuildFile; fileRef = B59A3EE01DECFC0100DF78E2 /* libInputOutput.a */; };
		B59A3EE51DECFC0100DF78E2 /* libMathLib.a in Frameworks */ = {isa = PBXBuildFile; fileRef = B59A3EE11DECFC0100DF78E2 /* libMathLib.a */; };
/* End PBXBuildFile section */

/* Begin PBXContainerItemProxy section */
		B58B0A642085603500146A34 /* PBXContainerItemProxy */ = {
			isa = PBXContainerItemProxy;
			containerPortal = B58B0A5F2085603500146A34 /* CLib.xcodeproj */;
			proxyType = 2;
			remoteGlobalIDString = B55DE6BC1D882E9300F5B3E0;
			remoteInfo = CLib;
		};
		B58B0AE12085689200146A34 /* PBXContainerItemProxy */ = {
			isa = PBXContainerItemProxy;
			containerPortal = B58B0ADA2085689200146A34 /* MultiTouch.xcodeproj */;
			proxyType = 2;
			remoteGlobalIDString = B50D4CCA1DECE153002270D7;
			remoteInfo = MultiTouch;
		};
		B58B0D3520856BB300146A34 /* PBXContainerItemProxy */ = {
			isa = PBXContainerItemProxy;
			containerPortal = B58B0D3020856BB300146A34 /* OpenGL.xcodeproj */;
			proxyType = 2;
			remoteGlobalIDString = B50521011DECD737003A7ABF;
			remoteInfo = OpenGL;
		};
		B58B0D7A20856C1500146A34 /* PBXContainerItemProxy */ = {
			isa = PBXContainerItemProxy;
			containerPortal = B58B0A5F2085603500146A34 /* CLib.xcodeproj */;
			proxyType = 1;
			remoteGlobalIDString = B55DE6BB1D882E9300F5B3E0;
			remoteInfo = CLib;
		};
		B58B0D7C20856C1500146A34 /* PBXContainerItemProxy */ = {
			isa = PBXContainerItemProxy;
			containerPortal = B58B0ADA2085689200146A34 /* MultiTouch.xcodeproj */;
			proxyType = 1;
			remoteGlobalIDString = B50D4CC91DECE153002270D7;
			remoteInfo = MultiTouch;
		};
		B58B0D7E20856C1500146A34 /* PBXContainerItemProxy */ = {
			isa = PBXContainerItemProxy;
			containerPortal = B58B0A5F2085603500146A34 /* CLib.xcodeproj */;
			proxyType = 1;
			remoteGlobalIDString = B55DE6BB1D882E9300F5B3E0;
			remoteInfo = CLib;
		};
		B58B0D8020856C1500146A34 /* PBXContainerItemProxy */ = {
			isa = PBXContainerItemProxy;
			containerPortal = B58B0D3020856BB300146A34 /* OpenGL.xcodeproj */;
			proxyType = 1;
			remoteGlobalIDString = B50521001DECD737003A7ABF;
			remoteInfo = OpenGL;
		};
		B58B0D8220856C1500146A34 /* PBXContainerItemProxy */ = {
			isa = PBXContainerItemProxy;
			containerPortal = B58B0A5F2085603500146A34 /* CLib.xcodeproj */;
			proxyType = 1;
			remoteGlobalIDString = B55DE6BB1D882E9300F5B3E0;
			remoteInfo = CLib;
		};
		B58B0D8420856C1500146A34 /* PBXContainerItemProxy */ = {
			isa = PBXContainerItemProxy;
			containerPortal = B58B0A5F2085603500146A34 /* CLib.xcodeproj */;
			proxyType = 1;
			remoteGlobalIDString = B55DE6BB1D882E9300F5B3E0;
			remoteInfo = CLib;
		};
/* End PBXContainerItemProxy section */

/* Begin PBXCopyFilesBuildPhase section */
		B5FC52241DECFAED005C9E76 /* CopyFiles */ = {
			isa = PBXCopyFilesBuildPhase;
			buildActionMask = 2147483647;
			dstPath = "include/$(PRODUCT_NAME)";
			dstSubfolderSpec = 16;
			files = (
			);
			runOnlyForDeploymentPostprocessing = 0;
		};
/* End PBXCopyFilesBuildPhase section */

/* Begin PBXFileReference section */
		B50484391DED016600FDE7D1 /* libConcurrentLib.a */ = {isa = PBXFileReference; lastKnownFileType = archive.ar; name = libConcurrentLib.a; path = "../../../../../../../../Library/Developer/Xcode/DerivedData/ManyDrawCalls-hebxmrwgwmaalwcnpmxbddzadlcr/Build/Products/Debug-iphonesimulator/libConcurrentLib.a"; sourceTree = "<group>"; };
		B504843A1DED016600FDE7D1 /* libExpat.a */ = {isa = PBXFileReference; lastKnownFileType = archive.ar; name = libExpat.a; path = "../../../../../../../../Library/Developer/Xcode/DerivedData/ManyDrawCalls-hebxmrwgwmaalwcnpmxbddzadlcr/Build/Products/Debug-iphonesimulator/libExpat.a"; sourceTree = "<group>"; };
		B504843B1DED016600FDE7D1 /* libInputOutput.a */ = {isa = PBXFileReference; lastKnownFileType = archive.ar; name = libInputOutput.a; path = "../../../../../../../../Library/Developer/Xcode/DerivedData/ManyDrawCalls-hebxmrwgwmaalwcnpmxbddzadlcr/Build/Products/Debug-iphonesimulator/libInputOutput.a"; sourceTree = "<group>"; };
		B504843C1DED016600FDE7D1 /* libMathLib.a */ = {isa = PBXFileReference; lastKnownFileType = archive.ar; name = libMathLib.a; path = "../../../../../../../../Library/Developer/Xcode/DerivedData/ManyDrawCalls-hebxmrwgwmaalwcnpmxbddzadlcr/Build/Products/Debug-iphonesimulator/libMathLib.a"; sourceTree = "<group>"; };
		B58B0A5F2085603500146A34 /* CLib.xcodeproj */ = {isa = PBXFileReference; lastKnownFileType = "wrapper.pb-project"; name = CLib.xcodeproj; path = ../../clib/xcode/CLib.xcodeproj; sourceTree = "<group>"; };
		B58B0ADA2085689200146A34 /* MultiTouch.xcodeproj */ = {isa = PBXFileReference; lastKnownFileType = "wrapper.pb-project"; name = MultiTouch.xcodeproj; path = "../../multi-touch/xcode/MultiTouch.xcodeproj"; sourceTree = "<group>"; };
		B58B0D3020856BB300146A34 /* OpenGL.xcodeproj */ = {isa = PBXFileReference; lastKnownFileType = "wrapper.pb-project"; name = OpenGL.xcodeproj; path = ../../opengl/xcode/OpenGL.xcodeproj; sourceTree = "<group>"; };
		B58B0D3C20856BF100146A34 /* IAAppDelegate+Generated.h */ = {isa = PBXFileReference; fileEncoding = 4; lastKnownFileType = sourcecode.c.h; path = "IAAppDelegate+Generated.h"; sourceTree = "<group>"; };
		B58B0D3D20856BF100146A34 /* opengl-renderer+Generated.h */ = {isa = PBXFileReference; fileEncoding = 4; lastKnownFileType = sourcecode.c.h; path = "opengl-renderer+Generated.h"; sourceTree = "<group>"; };
		B58B0D3E20856BF100146A34 /* IAAppDelegateAttributes+Generated.h */ = {isa = PBXFileReference; fileEncoding = 4; lastKnownFileType = sourcecode.c.h; path = "IAAppDelegateAttributes+Generated.h"; sourceTree = "<group>"; };
		B58B0D3F20856BF100146A34 /* IAAppEntryPoint+Core.h */ = {isa = PBXFileReference; fileEncoding = 4; lastKnownFileType = sourcecode.c.h; path = "IAAppEntryPoint+Core.h"; sourceTree = "<group>"; };
		B58B0D4020856BF100146A34 /* IAAppEntryPoint.h */ = {isa = PBXFileReference; fileEncoding = 4; lastKnownFileType = sourcecode.c.h; path = IAAppEntryPoint.h; sourceTree = "<group>"; };
		B58B0D4120856BF100146A34 /* IAAppEntryPoint.c */ = {isa = PBXFileReference; fileEncoding = 4; lastKnownFileType = sourcecode.c.c; path = IAAppEntryPoint.c; sourceTree = "<group>"; };
		B58B0D4320856BF100146A34 /* IAAppAttributes.c */ = {isa = PBXFileReference; fileEncoding = 4; lastKnownFileType = sourcecode.c.c; path = IAAppAttributes.c; sourceTree = "<group>"; };
		B58B0D4420856BF100146A34 /* IAApp.h */ = {isa = PBXFileReference; fileEncoding = 4; lastKnownFileType = sourcecode.c.h; path = IAApp.h; sourceTree = "<group>"; };
		B58B0D4620856BF100146A34 /* IAColorFormat.h */ = {isa = PBXFileReference; fileEncoding = 4; lastKnownFileType = sourcecode.c.h; path = IAColorFormat.h; sourceTree = "<group>"; };
		B58B0D4720856BF100146A34 /* IAMultisample.h */ = {isa = PBXFileReference; fileEncoding = 4; lastKnownFileType = sourcecode.c.h; path = IAMultisample.h; sourceTree = "<group>"; };
		B58B0D4820856BF100146A34 /* IADepthFormat.h */ = {isa = PBXFileReference; fileEncoding = 4; lastKnownFileType = sourcecode.c.h; path = IADepthFormat.h; sourceTree = "<group>"; };
		B58B0D4920856BF100146A34 /* IAInterfaceOrientationMask.h */ = {isa = PBXFileReference; fileEncoding = 4; lastKnownFileType = sourcecode.c.h; path = IAInterfaceOrientationMask.h; sourceTree = "<group>"; };
		B58B0D4A20856BF100146A34 /* IAStencilFormat.h */ = {isa = PBXFileReference; fileEncoding = 4; lastKnownFileType = sourcecode.c.h; path = IAStencilFormat.h; sourceTree = "<group>"; };
		B58B0D4B20856BF100146A34 /* IAAppHandler.c */ = {isa = PBXFileReference; fileEncoding = 4; lastKnownFileType = sourcecode.c.c; path = IAAppHandler.c; sourceTree = "<group>"; };
		B58B0D4C20856BF100146A34 /* IAApp.c */ = {isa = PBXFileReference; fileEncoding = 4; lastKnownFileType = sourcecode.c.c; path = IAApp.c; sourceTree = "<group>"; };
		B58B0D4D20856BF100146A34 /* IAAppAttributes.h */ = {isa = PBXFileReference; fileEncoding = 4; lastKnownFileType = sourcecode.c.h; path = IAAppAttributes.h; sourceTree = "<group>"; };
		B58B0D4E20856BF100146A34 /* IAAppHandler.h */ = {isa = PBXFileReference; fileEncoding = 4; lastKnownFileType = sourcecode.c.h; path = IAAppHandler.h; sourceTree = "<group>"; };
		B58B0D4F20856BF100146A34 /* IAAppHandler+Native.h */ = {isa = PBXFileReference; fileEncoding = 4; lastKnownFileType = sourcecode.c.h; path = "IAAppHandler+Native.h"; sourceTree = "<group>"; };
		B58B0D5220856BF100146A34 /* IAColorFormat+iOS.h */ = {isa = PBXFileReference; fileEncoding = 4; lastKnownFileType = sourcecode.c.h; path = "IAColorFormat+iOS.h"; sourceTree = "<group>"; };
		B58B0D5320856BF100146A34 /* IAInterfaceOrientationMask+iOS.m */ = {isa = PBXFileReference; fileEncoding = 4; lastKnownFileType = sourcecode.c.objc; path = "IAInterfaceOrientationMask+iOS.m"; sourceTree = "<group>"; };
		B58B0D5420856BF100146A34 /* IAMultisample+iOS.m */ = {isa = PBXFileReference; fileEncoding = 4; lastKnownFileType = sourcecode.c.objc; path = "IAMultisample+iOS.m"; sourceTree = "<group>"; };
		B58B0D5520856BF100146A34 /* IAStencilFormat+iOS.m */ = {isa = PBXFileReference; fileEncoding = 4; lastKnownFileType = sourcecode.c.objc; path = "IAStencilFormat+iOS.m"; sourceTree = "<group>"; };
		B58B0D5620856BF100146A34 /* IADepthFormat+iOS.m */ = {isa = PBXFileReference; fileEncoding = 4; lastKnownFileType = sourcecode.c.objc; path = "IADepthFormat+iOS.m"; sourceTree = "<group>"; };
		B58B0D5720856BF100146A34 /* IAInterfaceOrientationMask+iOS.h */ = {isa = PBXFileReference; fileEncoding = 4; lastKnownFileType = sourcecode.c.h; path = "IAInterfaceOrientationMask+iOS.h"; sourceTree = "<group>"; };
		B58B0D5820856BF100146A34 /* IAColorFormat+iOS.m */ = {isa = PBXFileReference; fileEncoding = 4; lastKnownFileType = sourcecode.c.objc; path = "IAColorFormat+iOS.m"; sourceTree = "<group>"; };
		B58B0D5920856BF100146A34 /* IAMultisample+iOS.h */ = {isa = PBXFileReference; fileEncoding = 4; lastKnownFileType = sourcecode.c.h; path = "IAMultisample+iOS.h"; sourceTree = "<group>"; };
		B58B0D5A20856BF100146A34 /* IAStencilFormat+iOS.h */ = {isa = PBXFileReference; fileEncoding = 4; lastKnownFileType = sourcecode.c.h; path = "IAStencilFormat+iOS.h"; sourceTree = "<group>"; };
		B58B0D5B20856BF100146A34 /* IADepthFormat+iOS.h */ = {isa = PBXFileReference; fileEncoding = 4; lastKnownFileType = sourcecode.c.h; path = "IADepthFormat+iOS.h"; sourceTree = "<group>"; };
		B58B0D5C20856BF100146A34 /* IADefaultUIApplicationDelegate.m */ = {isa = PBXFileReference; fileEncoding = 4; lastKnownFileType = sourcecode.c.objc; path = IADefaultUIApplicationDelegate.m; sourceTree = "<group>"; };
		B58B0D5D20856BF100146A34 /* IAOpenGLViewControllerHolder.h */ = {isa = PBXFileReference; fileEncoding = 4; lastKnownFileType = sourcecode.c.h; path = IAOpenGLViewControllerHolder.h; sourceTree = "<group>"; };
		B58B0D5E20856BF100146A34 /* IAOpenGLViewController.h */ = {isa = PBXFileReference; fileEncoding = 4; lastKnownFileType = sourcecode.c.h; path = IAOpenGLViewController.h; sourceTree = "<group>"; };
		B58B0D5F20856BF100146A34 /* IAOpenGLViewControllerHolder.m */ = {isa = PBXFileReference; fileEncoding = 4; lastKnownFileType = sourcecode.c.objc; path = IAOpenGLViewControllerHolder.m; sourceTree = "<group>"; };
		B58B0D6020856BF100146A34 /* IADefaultUIApplicationDelegate.h */ = {isa = PBXFileReference; fileEncoding = 4; lastKnownFileType = sourcecode.c.h; path = IADefaultUIApplicationDelegate.h; sourceTree = "<group>"; };
		B58B0D6120856BF100146A34 /* IAOpenGLViewController.m */ = {isa = PBXFileReference; fileEncoding = 4; lastKnownFileType = sourcecode.c.objc; path = IAOpenGLViewController.m; sourceTree = "<group>"; };
		B59A3EDE1DECFC0100DF78E2 /* libConcurrentLib.a */ = {isa = PBXFileReference; lastKnownFileType = archive.ar; name = libConcurrentLib.a; path = "../../../../../../../../Library/Developer/Xcode/DerivedData/OpenGLRenderer-gzlffyxrrmsnjieuzvrgvsgvomoc/Build/Products/Debug-iphonesimulator/libConcurrentLib.a"; sourceTree = "<group>"; };
		B59A3EDF1DECFC0100DF78E2 /* libExpat.a */ = {isa = PBXFileReference; lastKnownFileType = archive.ar; name = libExpat.a; path = "../../../../../../../../Library/Developer/Xcode/DerivedData/OpenGLRenderer-gzlffyxrrmsnjieuzvrgvsgvomoc/Build/Products/Debug-iphonesimulator/libExpat.a"; sourceTree = "<group>"; };
		B59A3EE01DECFC0100DF78E2 /* libInputOutput.a */ = {isa = PBXFileReference; lastKnownFileType = archive.ar; name = libInputOutput.a; path = "../../../../../../../../Library/Developer/Xcode/DerivedData/OpenGLRenderer-gzlffyxrrmsnjieuzvrgvsgvomoc/Build/Products/Debug-iphonesimulator/libInputOutput.a"; sourceTree = "<group>"; };
		B59A3EE11DECFC0100DF78E2 /* libMathLib.a */ = {isa = PBXFileReference; lastKnownFileType = archive.ar; name = libMathLib.a; path = "../../../../../../../../Library/Developer/Xcode/DerivedData/OpenGLRenderer-gzlffyxrrmsnjieuzvrgvsgvomoc/Build/Products/Debug-iphonesimulator/libMathLib.a"; sourceTree = "<group>"; };
		B5FC52261DECFAED005C9E76 /* libOpenGLRenderer.a */ = {isa = PBXFileReference; explicitFileType = archive.ar; includeInIndex = 0; path = libOpenGLRenderer.a; sourceTree = BUILT_PRODUCTS_DIR; };
/* End PBXFileReference section */

/* Begin PBXFrameworksBuildPhase section */
		B5FC52231DECFAED005C9E76 /* Frameworks */ = {
			isa = PBXFrameworksBuildPhase;
			buildActionMask = 2147483647;
			files = (
				B59A3EE31DECFC0100DF78E2 /* libExpat.a in Frameworks */,
				B59A3EE41DECFC0100DF78E2 /* libInputOutput.a in Frameworks */,
				B59A3EE51DECFC0100DF78E2 /* libMathLib.a in Frameworks */,
			);
			runOnlyForDeploymentPostprocessing = 0;
		};
/* End PBXFrameworksBuildPhase section */

/* Begin PBXGroup section */
		B51AB0061E0C4108002F5B75 /* OpenGLRenderer */ = {
			isa = PBXGroup;
			children = (
				B58B0D5020856BF100146A34 /* ios */,
				B58B0D3920856BF100146A34 /* shared */,
			);
			name = OpenGLRenderer;
			sourceTree = "<group>";
		};
		B58B0A602085603500146A34 /* Products */ = {
			isa = PBXGroup;
			children = (
				B58B0A652085603500146A34 /* libCLib.a */,
			);
			name = Products;
			sourceTree = "<group>";
		};
		B58B0ADB2085689200146A34 /* Products */ = {
			isa = PBXGroup;
			children = (
				B58B0AE22085689200146A34 /* libMultiTouch.a */,
			);
			name = Products;
			sourceTree = "<group>";
		};
		B58B0D3120856BB300146A34 /* Products */ = {
			isa = PBXGroup;
			children = (
				B58B0D3620856BB300146A34 /* libOpenGL.a */,
			);
			name = Products;
			sourceTree = "<group>";
		};
		B58B0D3920856BF100146A34 /* shared */ = {
			isa = PBXGroup;
			children = (
				B58B0D3A20856BF100146A34 /* generics */,
				B58B0D3F20856BF100146A34 /* IAAppEntryPoint+Core.h */,
				B58B0D4020856BF100146A34 /* IAAppEntryPoint.h */,
				B58B0D4120856BF100146A34 /* IAAppEntryPoint.c */,
				B58B0D4220856BF100146A34 /* main */,
			);
			name = shared;
			path = ../c/shared;
			sourceTree = "<group>";
		};
		B58B0D3A20856BF100146A34 /* generics */ = {
			isa = PBXGroup;
			children = (
				B58B0D3B20856BF100146A34 /* headers */,
			);
			path = generics;
			sourceTree = "<group>";
		};
		B58B0D3B20856BF100146A34 /* headers */ = {
			isa = PBXGroup;
			children = (
				B58B0D3C20856BF100146A34 /* IAAppDelegate+Generated.h */,
				B58B0D3D20856BF100146A34 /* opengl-renderer+Generated.h */,
				B58B0D3E20856BF100146A34 /* IAAppDelegateAttributes+Generated.h */,
			);
			path = headers;
			sourceTree = "<group>";
		};
		B58B0D4220856BF100146A34 /* main */ = {
			isa = PBXGroup;
			children = (
				B58B0D4320856BF100146A34 /* IAAppAttributes.c */,
				B58B0D4420856BF100146A34 /* IAApp.h */,
				B58B0D4520856BF100146A34 /* opengl-surface-options */,
				B58B0D4B20856BF100146A34 /* IAAppHandler.c */,
				B58B0D4C20856BF100146A34 /* IAApp.c */,
				B58B0D4D20856BF100146A34 /* IAAppAttributes.h */,
				B58B0D4E20856BF100146A34 /* IAAppHandler.h */,
				B58B0D4F20856BF100146A34 /* IAAppHandler+Native.h */,
			);
			path = main;
			sourceTree = "<group>";
		};
		B58B0D4520856BF100146A34 /* opengl-surface-options */ = {
			isa = PBXGroup;
			children = (
				B58B0D4620856BF100146A34 /* IAColorFormat.h */,
				B58B0D4720856BF100146A34 /* IAMultisample.h */,
				B58B0D4820856BF100146A34 /* IADepthFormat.h */,
				B58B0D4920856BF100146A34 /* IAInterfaceOrientationMask.h */,
				B58B0D4A20856BF100146A34 /* IAStencilFormat.h */,
			);
			path = "opengl-surface-options";
			sourceTree = "<group>";
		};
		B58B0D5020856BF100146A34 /* ios */ = {
			isa = PBXGroup;
			children = (
				B58B0D5120856BF100146A34 /* opengl-surface-options */,
				B58B0D5C20856BF100146A34 /* IADefaultUIApplicationDelegate.m */,
				B58B0D5D20856BF100146A34 /* IAOpenGLViewControllerHolder.h */,
				B58B0D5E20856BF100146A34 /* IAOpenGLViewController.h */,
				B58B0D5F20856BF100146A34 /* IAOpenGLViewControllerHolder.m */,
				B58B0D6020856BF100146A34 /* IADefaultUIApplicationDelegate.h */,
				B58B0D6120856BF100146A34 /* IAOpenGLViewController.m */,
			);
			name = ios;
			path = ../c/ios;
			sourceTree = "<group>";
		};
		B58B0D5120856BF100146A34 /* opengl-surface-options */ = {
			isa = PBXGroup;
			children = (
				B58B0D5220856BF100146A34 /* IAColorFormat+iOS.h */,
				B58B0D5320856BF100146A34 /* IAInterfaceOrientationMask+iOS.m */,
				B58B0D5420856BF100146A34 /* IAMultisample+iOS.m */,
				B58B0D5520856BF100146A34 /* IAStencilFormat+iOS.m */,
				B58B0D5620856BF100146A34 /* IADepthFormat+iOS.m */,
				B58B0D5720856BF100146A34 /* IAInterfaceOrientationMask+iOS.h */,
				B58B0D5820856BF100146A34 /* IAColorFormat+iOS.m */,
				B58B0D5920856BF100146A34 /* IAMultisample+iOS.h */,
				B58B0D5A20856BF100146A34 /* IAStencilFormat+iOS.h */,
				B58B0D5B20856BF100146A34 /* IADepthFormat+iOS.h */,
			);
			path = "opengl-surface-options";
			sourceTree = "<group>";
		};
		B59A3EDD1DECFC0100DF78E2 /* Frameworks */ = {
			isa = PBXGroup;
			children = (
				B50484391DED016600FDE7D1 /* libConcurrentLib.a */,
				B504843A1DED016600FDE7D1 /* libExpat.a */,
				B504843B1DED016600FDE7D1 /* libInputOutput.a */,
				B504843C1DED016600FDE7D1 /* libMathLib.a */,
				B59A3EDE1DECFC0100DF78E2 /* libConcurrentLib.a */,
				B59A3EDF1DECFC0100DF78E2 /* libExpat.a */,
				B59A3EE01DECFC0100DF78E2 /* libInputOutput.a */,
				B59A3EE11DECFC0100DF78E2 /* libMathLib.a */,
			);
			name = Frameworks;
			sourceTree = "<group>";
		};
		B5FC521D1DECFAED005C9E76 = {
			isa = PBXGroup;
			children = (
				B58B0A5F2085603500146A34 /* CLib.xcodeproj */,
				B58B0ADA2085689200146A34 /* MultiTouch.xcodeproj */,
				B58B0D3020856BB300146A34 /* OpenGL.xcodeproj */,
				B51AB0061E0C4108002F5B75 /* OpenGLRenderer */,
				B5FC52271DECFAED005C9E76 /* Products */,
				B59A3EDD1DECFC0100DF78E2 /* Frameworks */,
			);
			sourceTree = "<group>";
		};
		B5FC52271DECFAED005C9E76 /* Products */ = {
			isa = PBXGroup;
			children = (
				B5FC52261DECFAED005C9E76 /* libOpenGLRenderer.a */,
			);
			name = Products;
			sourceTree = "<group>";
		};
/* End PBXGroup section */

/* Begin PBXNativeTarget section */
		B5FC52251DECFAED005C9E76 /* OpenGLRenderer */ = {
			isa = PBXNativeTarget;
			buildConfigurationList = B5FC523A1DECFAED005C9E76 /* Build configuration list for PBXNativeTarget "OpenGLRenderer" */;
			buildPhases = (
				B59A3E601DECFB4200DF78E2 /* ShellScript */,
				B5FC52221DECFAED005C9E76 /* Sources */,
				B5FC52231DECFAED005C9E76 /* Frameworks */,
				B5FC52241DECFAED005C9E76 /* CopyFiles */,
			);
			buildRules = (
			);
			dependencies = (
				B58B0D7B20856C1500146A34 /* PBXTargetDependency */,
				B58B0D7D20856C1500146A34 /* PBXTargetDependency */,
				B58B0D7F20856C1500146A34 /* PBXTargetDependency */,
				B58B0D8120856C1500146A34 /* PBXTargetDependency */,
				B58B0D8320856C1500146A34 /* PBXTargetDependency */,
				B58B0D8520856C1500146A34 /* PBXTargetDependency */,
			);
			name = OpenGLRenderer;
			productName = OpenGLRenderer;
			productReference = B5FC52261DECFAED005C9E76 /* libOpenGLRenderer.a */;
			productType = "com.apple.product-type.library.static";
		};
/* End PBXNativeTarget section */

/* Begin PBXProject section */
		B5FC521E1DECFAED005C9E76 /* Project object */ = {
			isa = PBXProject;
			attributes = {
				LastUpgradeCheck = 0610;
				ORGANIZATIONNAME = "Konstantin Merker, Paul Wallrabe und Martin Krautschick GbR (Imps Apps)";
				TargetAttributes = {
					B5FC52251DECFAED005C9E76 = {
						CreatedOnToolsVersion = 6.1.1;
					};
				};
			};
			buildConfigurationList = B5FC52211DECFAED005C9E76 /* Build configuration list for PBXProject "OpenGLRenderer" */;
			compatibilityVersion = "Xcode 3.2";
			developmentRegion = English;
			hasScannedForEncodings = 0;
			knownRegions = (
				en,
			);
			mainGroup = B5FC521D1DECFAED005C9E76;
			productRefGroup = B5FC52271DECFAED005C9E76 /* Products */;
			projectDirPath = "";
			projectReferences = (
				{
					ProductGroup = B58B0A602085603500146A34 /* Products */;
					ProjectRef = B58B0A5F2085603500146A34 /* CLib.xcodeproj */;
				},
				{
					ProductGroup = B58B0ADB2085689200146A34 /* Products */;
					ProjectRef = B58B0ADA2085689200146A34 /* MultiTouch.xcodeproj */;
				},
				{
					ProductGroup = B58B0D3120856BB300146A34 /* Products */;
					ProjectRef = B58B0D3020856BB300146A34 /* OpenGL.xcodeproj */;
				},
			);
			projectRoot = "";
			targets = (
				B5FC52251DECFAED005C9E76 /* OpenGLRenderer */,
			);
		};
/* End PBXProject section */

/* Begin PBXReferenceProxy section */
		B58B0A652085603500146A34 /* libCLib.a */ = {
			isa = PBXReferenceProxy;
			fileType = archive.ar;
			path = libCLib.a;
			remoteRef = B58B0A642085603500146A34 /* PBXContainerItemProxy */;
			sourceTree = BUILT_PRODUCTS_DIR;
		};
		B58B0AE22085689200146A34 /* libMultiTouch.a */ = {
			isa = PBXReferenceProxy;
			fileType = archive.ar;
			path = libMultiTouch.a;
			remoteRef = B58B0AE12085689200146A34 /* PBXContainerItemProxy */;
			sourceTree = BUILT_PRODUCTS_DIR;
		};
		B58B0D3620856BB300146A34 /* libOpenGL.a */ = {
			isa = PBXReferenceProxy;
			fileType = archive.ar;
			path = libOpenGL.a;
			remoteRef = B58B0D3520856BB300146A34 /* PBXContainerItemProxy */;
			sourceTree = BUILT_PRODUCTS_DIR;
		};
/* End PBXReferenceProxy section */

/* Begin PBXShellScriptBuildPhase section */
		B59A3E601DECFB4200DF78E2 /* ShellScript */ = {
			isa = PBXShellScriptBuildPhase;
			buildActionMask = 2147483647;
			files = (
			);
			inputPaths = (
			);
			outputPaths = (
			);
			runOnlyForDeploymentPostprocessing = 0;
			shellPath = /bin/sh;
			shellScript = "cd \"$SRCROOT/../../../../scripts/perl/build-modules\"\nperl BuildIOSModule.pl opengl-renderer";
		};
/* End PBXShellScriptBuildPhase section */

/* Begin PBXSourcesBuildPhase section */
		B5FC52221DECFAED005C9E76 /* Sources */ = {
			isa = PBXSourcesBuildPhase;
			buildActionMask = 2147483647;
			files = (
				B58B0D7420856BF100146A34 /* IADefaultUIApplicationDelegate.m in Sources */,
				B58B0D7820856BF100146A34 /* IAOpenGLViewController.m in Sources */,
				B58B0D6220856BF100146A34 /* IAAppEntryPoint.c in Sources */,
				B58B0D6A20856BF100146A34 /* IAInterfaceOrientationMask+iOS.m in Sources */,
				B58B0D6420856BF100146A34 /* IAAppAttributes.c in Sources */,
				B58B0D7220856BF100146A34 /* IAColorFormat+iOS.m in Sources */,
				B58B0D6E20856BF100146A34 /* IAStencilFormat+iOS.m in Sources */,
				B58B0D7620856BF100146A34 /* IAOpenGLViewControllerHolder.m in Sources */,
				B58B0D7020856BF100146A34 /* IADepthFormat+iOS.m in Sources */,
				B58B0D6820856BF100146A34 /* IAApp.c in Sources */,
				B58B0D6620856BF100146A34 /* IAAppHandler.c in Sources */,
				B58B0D6C20856BF100146A34 /* IAMultisample+iOS.m in Sources */,
			);
			runOnlyForDeploymentPostprocessing = 0;
		};
/* End PBXSourcesBuildPhase section */

/* Begin PBXTargetDependency section */
		B58B0D7B20856C1500146A34 /* PBXTargetDependency */ = {
			isa = PBXTargetDependency;
			name = CLib;
			targetProxy = B58B0D7A20856C1500146A34 /* PBXContainerItemProxy */;
		};
		B58B0D7D20856C1500146A34 /* PBXTargetDependency */ = {
			isa = PBXTargetDependency;
			name = MultiTouch;
			targetProxy = B58B0D7C20856C1500146A34 /* PBXContainerItemProxy */;
		};
		B58B0D7F20856C1500146A34 /* PBXTargetDependency */ = {
			isa = PBXTargetDependency;
			name = CLib;
			targetProxy = B58B0D7E20856C1500146A34 /* PBXContainerItemProxy */;
		};
		B58B0D8120856C1500146A34 /* PBXTargetDependency */ = {
			isa = PBXTargetDependency;
			name = OpenGL;
			targetProxy = B58B0D8020856C1500146A34 /* PBXContainerItemProxy */;
		};
		B58B0D8320856C1500146A34 /* PBXTargetDependency */ = {
			isa = PBXTargetDependency;
			name = CLib;
			targetProxy = B58B0D8220856C1500146A34 /* PBXContainerItemProxy */;
		};
		B58B0D8520856C1500146A34 /* PBXTargetDependency */ = {
			isa = PBXTargetDependency;
			name = CLib;
			targetProxy = B58B0D8420856C1500146A34 /* PBXContainerItemProxy */;
		};
/* End PBXTargetDependency section */

/* Begin XCBuildConfiguration section */
		B5FC52381DECFAED005C9E76 /* Debug */ = {
			isa = XCBuildConfiguration;
			buildSettings = {
				ALWAYS_SEARCH_USER_PATHS = NO;
				CLANG_CXX_LANGUAGE_STANDARD = "gnu++0x";
				CLANG_CXX_LIBRARY = "libc++";
				CLANG_ENABLE_MODULES = YES;
				CLANG_ENABLE_OBJC_ARC = NO;
				CLANG_WARN_BOOL_CONVERSION = YES;
				CLANG_WARN_CONSTANT_CONVERSION = YES;
				CLANG_WARN_DIRECT_OBJC_ISA_USAGE = YES_ERROR;
				CLANG_WARN_EMPTY_BODY = YES;
				CLANG_WARN_ENUM_CONVERSION = YES;
				CLANG_WARN_INT_CONVERSION = YES;
				CLANG_WARN_OBJC_ROOT_CLASS = YES_ERROR;
				CLANG_WARN_UNREACHABLE_CODE = YES;
				CLANG_WARN__DUPLICATE_METHOD_MATCH = YES;
				COPY_PHASE_STRIP = NO;
				ENABLE_STRICT_OBJC_MSGSEND = YES;
				GCC_C_LANGUAGE_STANDARD = gnu99;
				GCC_DYNAMIC_NO_PIC = NO;
				GCC_OPTIMIZATION_LEVEL = 0;
				GCC_PREPROCESSOR_DEFINITIONS = (
					"DEBUG=1",
					"$(inherited)",
				);
				GCC_SYMBOLS_PRIVATE_EXTERN = NO;
				GCC_WARN_64_TO_32_BIT_CONVERSION = YES;
				GCC_WARN_ABOUT_RETURN_TYPE = YES_ERROR;
				GCC_WARN_UNDECLARED_SELECTOR = YES;
				GCC_WARN_UNINITIALIZED_AUTOS = YES_AGGRESSIVE;
				GCC_WARN_UNUSED_FUNCTION = YES;
				GCC_WARN_UNUSED_VARIABLE = YES;
				HEADER_SEARCH_PATHS = "";
				IPHONEOS_DEPLOYMENT_TARGET = 6.0;
				MTL_ENABLE_DEBUG_INFO = YES;
				ONLY_ACTIVE_ARCH = YES;
				SDKROOT = iphoneos;
				USER_HEADER_SEARCH_PATHS = "$(PROJECT_DIR)/../../../../include/ios/common/**";
			};
			name = Debug;
		};
		B5FC52391DECFAED005C9E76 /* Release */ = {
			isa = XCBuildConfiguration;
			buildSettings = {
				ALWAYS_SEARCH_USER_PATHS = NO;
				CLANG_CXX_LANGUAGE_STANDARD = "gnu++0x";
				CLANG_CXX_LIBRARY = "libc++";
				CLANG_ENABLE_MODULES = YES;
				CLANG_ENABLE_OBJC_ARC = NO;
				CLANG_WARN_BOOL_CONVERSION = YES;
				CLANG_WARN_CONSTANT_CONVERSION = YES;
				CLANG_WARN_DIRECT_OBJC_ISA_USAGE = YES_ERROR;
				CLANG_WARN_EMPTY_BODY = YES;
				CLANG_WARN_ENUM_CONVERSION = YES;
				CLANG_WARN_INT_CONVERSION = YES;
				CLANG_WARN_OBJC_ROOT_CLASS = YES_ERROR;
				CLANG_WARN_UNREACHABLE_CODE = YES;
				CLANG_WARN__DUPLICATE_METHOD_MATCH = YES;
				COPY_PHASE_STRIP = YES;
				ENABLE_NS_ASSERTIONS = NO;
				ENABLE_STRICT_OBJC_MSGSEND = YES;
				GCC_C_LANGUAGE_STANDARD = gnu99;
				GCC_WARN_64_TO_32_BIT_CONVERSION = YES;
				GCC_WARN_ABOUT_RETURN_TYPE = YES_ERROR;
				GCC_WARN_UNDECLARED_SELECTOR = YES;
				GCC_WARN_UNINITIALIZED_AUTOS = YES_AGGRESSIVE;
				GCC_WARN_UNUSED_FUNCTION = YES;
				GCC_WARN_UNUSED_VARIABLE = YES;
				HEADER_SEARCH_PATHS = "";
				IPHONEOS_DEPLOYMENT_TARGET = 6.0;
				MTL_ENABLE_DEBUG_INFO = NO;
				SDKROOT = iphoneos;
				USER_HEADER_SEARCH_PATHS = "$(PROJECT_DIR)/../../../../include/ios/common/**";
				VALIDATE_PRODUCT = YES;
			};
			name = Release;
		};
		B5FC523B1DECFAED005C9E76 /* Debug */ = {
			isa = XCBuildConfiguration;
			buildSettings = {
				OTHER_LDFLAGS = "-ObjC";
				PRODUCT_NAME = "$(TARGET_NAME)";
				SKIP_INSTALL = YES;
			};
			name = Debug;
		};
		B5FC523C1DECFAED005C9E76 /* Release */ = {
			isa = XCBuildConfiguration;
			buildSettings = {
				OTHER_LDFLAGS = "-ObjC";
				PRODUCT_NAME = "$(TARGET_NAME)";
				SKIP_INSTALL = YES;
			};
			name = Release;
		};
/* End XCBuildConfiguration section */

/* Begin XCConfigurationList section */
		B5FC52211DECFAED005C9E76 /* Build configuration list for PBXProject "OpenGLRenderer" */ = {
			isa = XCConfigurationList;
			buildConfigurations = (
				B5FC52381DECFAED005C9E76 /* Debug */,
				B5FC52391DECFAED005C9E76 /* Release */,
			);
			defaultConfigurationIsVisible = 0;
			defaultConfigurationName = Release;
		};
		B5FC523A1DECFAED005C9E76 /* Build configuration list for PBXNativeTarget "OpenGLRenderer" */ = {
			isa = XCConfigurationList;
			buildConfigurations = (
				B5FC523B1DECFAED005C9E76 /* Debug */,
				B5FC523C1DECFAED005C9E76 /* Release */,
			);
			defaultConfigurationIsVisible = 0;
			defaultConfigurationName = Release;
		};
/* End XCConfigurationList section */
	};
	rootObject = B5FC521E1DECFAED005C9E76 /* Project object */;
}
