// !$*UTF8*$!
{
	archiveVersion = 1;
	classes = {
	};
	objectVersion = 46;
	objects = {

/* Begin PBXBuildFile section */
		B55B58FE208B3E96005ADF1A /* IADate.m in Sources */ = {isa = PBXBuildFile; fileRef = B55B58F9208B3E96005ADF1A /* IADate.m */; };
		B55B5900208B3E96005ADF1A /* IADate.c in Sources */ = {isa = PBXBuildFile; fileRef = B55B58FC208B3E96005ADF1A /* IADate.c */; };
		B55B590B208B3EB5005ADF1A /* libCLib.a in Frameworks */ = {isa = PBXBuildFile; fileRef = B55B5907208B3EA4005ADF1A /* libCLib.a */; };
/* End PBXBuildFile section */

/* Begin PBXContainerItemProxy section */
		B55B5906208B3EA4005ADF1A /* PBXContainerItemProxy */ = {
			isa = PBXContainerItemProxy;
			containerPortal = B55B5902208B3EA4005ADF1A /* CLib.xcodeproj */;
			proxyType = 2;
			remoteGlobalIDString = B55DE6BC1D882E9300F5B3E0;
			remoteInfo = CLib;
		};
		B55B5908208B3EB1005ADF1A /* PBXContainerItemProxy */ = {
			isa = PBXContainerItemProxy;
			containerPortal = B55B5902208B3EA4005ADF1A /* CLib.xcodeproj */;
			proxyType = 1;
			remoteGlobalIDString = B55DE6BB1D882E9300F5B3E0;
			remoteInfo = CLib;
		};
/* End PBXContainerItemProxy section */

/* Begin PBXCopyFilesBuildPhase section */
		B58E91BA1D8ED04000FD45DE /* Copy Files */ = {
			isa = PBXCopyFilesBuildPhase;
			buildActionMask = 2147483647;
			dstPath = "include/$(PRODUCT_NAME)";
			dstSubfolderSpec = 16;
			files = (
			);
			name = "Copy Files";
			runOnlyForDeploymentPostprocessing = 0;
		};
/* End PBXCopyFilesBuildPhase section */

/* Begin PBXFileReference section */
		B55B58F9208B3E96005ADF1A /* IADate.m */ = {isa = PBXFileReference; fileEncoding = 4; lastKnownFileType = sourcecode.c.objc; path = IADate.m; sourceTree = "<group>"; };
		B55B58FB208B3E96005ADF1A /* IADate.h */ = {isa = PBXFileReference; fileEncoding = 4; lastKnownFileType = sourcecode.c.h; path = IADate.h; sourceTree = "<group>"; };
		B55B58FC208B3E96005ADF1A /* IADate.c */ = {isa = PBXFileReference; fileEncoding = 4; lastKnownFileType = sourcecode.c.c; path = IADate.c; sourceTree = "<group>"; };
		B55B58FD208B3E96005ADF1A /* IADate+Native.h */ = {isa = PBXFileReference; fileEncoding = 4; lastKnownFileType = sourcecode.c.h; path = "IADate+Native.h"; sourceTree = "<group>"; };
		B55B5902208B3EA4005ADF1A /* CLib.xcodeproj */ = {isa = PBXFileReference; lastKnownFileType = "wrapper.pb-project"; name = CLib.xcodeproj; path = ../../../common/clib/xcode/CLib.xcodeproj; sourceTree = "<group>"; };
		B58E91BC1D8ED04000FD45DE /* libDate.a */ = {isa = PBXFileReference; explicitFileType = archive.ar; includeInIndex = 0; path = libDate.a; sourceTree = BUILT_PRODUCTS_DIR; };
/* End PBXFileReference section */

/* Begin PBXFrameworksBuildPhase section */
		B58E91B91D8ED04000FD45DE /* Frameworks */ = {
			isa = PBXFrameworksBuildPhase;
			buildActionMask = 2147483647;
			files = (
				B55B590B208B3EB5005ADF1A /* libCLib.a in Frameworks */,
			);
			runOnlyForDeploymentPostprocessing = 0;
		};
/* End PBXFrameworksBuildPhase section */

/* Begin PBXGroup section */
		B51AB3321E0C439E002F5B75 /* Date */ = {
			isa = PBXGroup;
			children = (
				B55B58F8208B3E96005ADF1A /* ios */,
				B55B58FA208B3E96005ADF1A /* shared */,
			);
			name = Date;
			sourceTree = "<group>";
		};
		B55B58F8208B3E96005ADF1A /* ios */ = {
			isa = PBXGroup;
			children = (
				B55B58F9208B3E96005ADF1A /* IADate.m */,
			);
			name = ios;
			path = ../c/ios;
			sourceTree = "<group>";
		};
		B55B58FA208B3E96005ADF1A /* shared */ = {
			isa = PBXGroup;
			children = (
				B55B58FB208B3E96005ADF1A /* IADate.h */,
				B55B58FC208B3E96005ADF1A /* IADate.c */,
				B55B58FD208B3E96005ADF1A /* IADate+Native.h */,
			);
			name = shared;
			path = ../c/shared;
			sourceTree = "<group>";
		};
		B55B5903208B3EA4005ADF1A /* Products */ = {
			isa = PBXGroup;
			children = (
				B55B5907208B3EA4005ADF1A /* libCLib.a */,
			);
			name = Products;
			sourceTree = "<group>";
		};
		B55B590A208B3EB5005ADF1A /* Frameworks */ = {
			isa = PBXGroup;
			children = (
			);
			name = Frameworks;
			sourceTree = "<group>";
		};
		B58E91B31D8ED04000FD45DE = {
			isa = PBXGroup;
			children = (
				B55B5902208B3EA4005ADF1A /* CLib.xcodeproj */,
				B51AB3321E0C439E002F5B75 /* Date */,
				B58E91BD1D8ED04000FD45DE /* Products */,
				B55B590A208B3EB5005ADF1A /* Frameworks */,
			);
			sourceTree = "<group>";
		};
		B58E91BD1D8ED04000FD45DE /* Products */ = {
			isa = PBXGroup;
			children = (
				B58E91BC1D8ED04000FD45DE /* libDate.a */,
			);
			name = Products;
			sourceTree = "<group>";
		};
/* End PBXGroup section */

/* Begin PBXNativeTarget section */
		B58E91BB1D8ED04000FD45DE /* Date */ = {
			isa = PBXNativeTarget;
			buildConfigurationList = B58E91D01D8ED04000FD45DE /* Build configuration list for PBXNativeTarget "Date" */;
			buildPhases = (
				B58E91F31D8ED89800FD45DE /* ShellScript */,
				B58E91B81D8ED04000FD45DE /* Sources */,
				B58E91B91D8ED04000FD45DE /* Frameworks */,
				B58E91BA1D8ED04000FD45DE /* Copy Files */,
			);
			buildRules = (
			);
			dependencies = (
				B55B5909208B3EB1005ADF1A /* PBXTargetDependency */,
			);
			name = Date;
			productName = Date;
			productReference = B58E91BC1D8ED04000FD45DE /* libDate.a */;
			productType = "com.apple.product-type.library.static";
		};
/* End PBXNativeTarget section */

/* Begin PBXProject section */
		B58E91B41D8ED04000FD45DE /* Project object */ = {
			isa = PBXProject;
			attributes = {
				LastUpgradeCheck = 0800;
				ORGANIZATIONNAME = "Konstantin Merker, Paul Wallrabe und Martin Krautschick GbR (Imps Apps)";
				TargetAttributes = {
					B58E91BB1D8ED04000FD45DE = {
						CreatedOnToolsVersion = 6.4;
					};
				};
			};
			buildConfigurationList = B58E91B71D8ED04000FD45DE /* Build configuration list for PBXProject "Date" */;
			compatibilityVersion = "Xcode 3.2";
			developmentRegion = English;
			hasScannedForEncodings = 0;
			knownRegions = (
				en,
			);
			mainGroup = B58E91B31D8ED04000FD45DE;
			productRefGroup = B58E91BD1D8ED04000FD45DE /* Products */;
			projectDirPath = "";
			projectReferences = (
				{
					ProductGroup = B55B5903208B3EA4005ADF1A /* Products */;
					ProjectRef = B55B5902208B3EA4005ADF1A /* CLib.xcodeproj */;
				},
			);
			projectRoot = "";
			targets = (
				B58E91BB1D8ED04000FD45DE /* Date */,
			);
		};
/* End PBXProject section */

/* Begin PBXReferenceProxy section */
		B55B5907208B3EA4005ADF1A /* libCLib.a */ = {
			isa = PBXReferenceProxy;
			fileType = archive.ar;
			path = libCLib.a;
			remoteRef = B55B5906208B3EA4005ADF1A /* PBXContainerItemProxy */;
			sourceTree = BUILT_PRODUCTS_DIR;
		};
/* End PBXReferenceProxy section */

/* Begin PBXShellScriptBuildPhase section */
		B58E91F31D8ED89800FD45DE /* ShellScript */ = {
			isa = PBXShellScriptBuildPhase;
			buildActionMask = 2147483647;
			files = (
			);
			inputPaths = (
			);
			outputPaths = (
			);
			runOnlyForDeploymentPostprocessing = 0;
			shellPath = /bin/sh;
			shellScript = "cd \"$SRCROOT/../../../../scripts/perl/build-modules\"\nperl BuildIOSModule.pl date";
		};
/* End PBXShellScriptBuildPhase section */

/* Begin PBXSourcesBuildPhase section */
		B58E91B81D8ED04000FD45DE /* Sources */ = {
			isa = PBXSourcesBuildPhase;
			buildActionMask = 2147483647;
			files = (
				B55B58FE208B3E96005ADF1A /* IADate.m in Sources */,
				B55B5900208B3E96005ADF1A /* IADate.c in Sources */,
			);
			runOnlyForDeploymentPostprocessing = 0;
		};
/* End PBXSourcesBuildPhase section */

/* Begin PBXTargetDependency section */
		B55B5909208B3EB1005ADF1A /* PBXTargetDependency */ = {
			isa = PBXTargetDependency;
			name = CLib;
			targetProxy = B55B5908208B3EB1005ADF1A /* PBXContainerItemProxy */;
		};
/* End PBXTargetDependency section */

/* Begin XCBuildConfiguration section */
		B58E91CE1D8ED04000FD45DE /* Debug */ = {
			isa = XCBuildConfiguration;
			buildSettings = {
				ALWAYS_SEARCH_USER_PATHS = NO;
				CLANG_CXX_LANGUAGE_STANDARD = "gnu++0x";
				CLANG_CXX_LIBRARY = "libc++";
				CLANG_ENABLE_MODULES = YES;
				CLANG_ENABLE_OBJC_ARC = YES;
				CLANG_WARN_BOOL_CONVERSION = YES;
				CLANG_WARN_CONSTANT_CONVERSION = YES;
				CLANG_WARN_DIRECT_OBJC_ISA_USAGE = YES_ERROR;
				CLANG_WARN_EMPTY_BODY = YES;
				CLANG_WARN_ENUM_CONVERSION = YES;
				CLANG_WARN_INFINITE_RECURSION = YES;
				CLANG_WARN_INT_CONVERSION = YES;
				CLANG_WARN_OBJC_ROOT_CLASS = YES_ERROR;
				CLANG_WARN_SUSPICIOUS_MOVE = YES;
				CLANG_WARN_UNREACHABLE_CODE = YES;
				CLANG_WARN__DUPLICATE_METHOD_MATCH = YES;
				COPY_PHASE_STRIP = NO;
				DEBUG_INFORMATION_FORMAT = "dwarf-with-dsym";
				ENABLE_STRICT_OBJC_MSGSEND = YES;
				ENABLE_TESTABILITY = YES;
				GCC_C_LANGUAGE_STANDARD = gnu99;
				GCC_DYNAMIC_NO_PIC = NO;
				GCC_NO_COMMON_BLOCKS = YES;
				GCC_OPTIMIZATION_LEVEL = 0;
				GCC_PREPROCESSOR_DEFINITIONS = (
					"DEBUG=1",
					"$(inherited)",
				);
				GCC_SYMBOLS_PRIVATE_EXTERN = NO;
				GCC_WARN_64_TO_32_BIT_CONVERSION = YES;
				GCC_WARN_ABOUT_RETURN_TYPE = YES_ERROR;
				GCC_WARN_UNDECLARED_SELECTOR = YES;
				GCC_WARN_UNINITIALIZED_AUTOS = YES_AGGRESSIVE;
				GCC_WARN_UNUSED_FUNCTION = YES;
				GCC_WARN_UNUSED_VARIABLE = YES;
				IPHONEOS_DEPLOYMENT_TARGET = 6.0;
				MTL_ENABLE_DEBUG_INFO = YES;
				ONLY_ACTIVE_ARCH = YES;
				SDKROOT = iphoneos;
				USER_HEADER_SEARCH_PATHS = "$(PROJECT_DIR)/../c/shared/generics/headers $(PROJECT_DIR)/../../../../include/ios/common/clib";
			};
			name = Debug;
		};
		B58E91CF1D8ED04000FD45DE /* Release */ = {
			isa = XCBuildConfiguration;
			buildSettings = {
				ALWAYS_SEARCH_USER_PATHS = NO;
				CLANG_CXX_LANGUAGE_STANDARD = "gnu++0x";
				CLANG_CXX_LIBRARY = "libc++";
				CLANG_ENABLE_MODULES = YES;
				CLANG_ENABLE_OBJC_ARC = YES;
				CLANG_WARN_BOOL_CONVERSION = YES;
				CLANG_WARN_CONSTANT_CONVERSION = YES;
				CLANG_WARN_DIRECT_OBJC_ISA_USAGE = YES_ERROR;
				CLANG_WARN_EMPTY_BODY = YES;
				CLANG_WARN_ENUM_CONVERSION = YES;
				CLANG_WARN_INFINITE_RECURSION = YES;
				CLANG_WARN_INT_CONVERSION = YES;
				CLANG_WARN_OBJC_ROOT_CLASS = YES_ERROR;
				CLANG_WARN_SUSPICIOUS_MOVE = YES;
				CLANG_WARN_UNREACHABLE_CODE = YES;
				CLANG_WARN__DUPLICATE_METHOD_MATCH = YES;
				COPY_PHASE_STRIP = NO;
				DEBUG_INFORMATION_FORMAT = "dwarf-with-dsym";
				ENABLE_NS_ASSERTIONS = NO;
				ENABLE_STRICT_OBJC_MSGSEND = YES;
				GCC_C_LANGUAGE_STANDARD = gnu99;
				GCC_NO_COMMON_BLOCKS = YES;
				GCC_WARN_64_TO_32_BIT_CONVERSION = YES;
				GCC_WARN_ABOUT_RETURN_TYPE = YES_ERROR;
				GCC_WARN_UNDECLARED_SELECTOR = YES;
				GCC_WARN_UNINITIALIZED_AUTOS = YES_AGGRESSIVE;
				GCC_WARN_UNUSED_FUNCTION = YES;
				GCC_WARN_UNUSED_VARIABLE = YES;
				IPHONEOS_DEPLOYMENT_TARGET = 6.0;
				MTL_ENABLE_DEBUG_INFO = NO;
				SDKROOT = iphoneos;
				USER_HEADER_SEARCH_PATHS = "$(PROJECT_DIR)/../c/shared/generics/headers $(PROJECT_DIR)/../../../../include/ios/common/clib";
				VALIDATE_PRODUCT = YES;
			};
			name = Release;
		};
		B58E91D11D8ED04000FD45DE /* Debug */ = {
			isa = XCBuildConfiguration;
			buildSettings = {
				OTHER_LDFLAGS = "-ObjC";
				PRODUCT_NAME = "$(TARGET_NAME)";
				SKIP_INSTALL = YES;
			};
			name = Debug;
		};
		B58E91D21D8ED04000FD45DE /* Release */ = {
			isa = XCBuildConfiguration;
			buildSettings = {
				OTHER_LDFLAGS = "-ObjC";
				PRODUCT_NAME = "$(TARGET_NAME)";
				SKIP_INSTALL = YES;
			};
			name = Release;
		};
/* End XCBuildConfiguration section */

/* Begin XCConfigurationList section */
		B58E91B71D8ED04000FD45DE /* Build configuration list for PBXProject "Date" */ = {
			isa = XCConfigurationList;
			buildConfigurations = (
				B58E91CE1D8ED04000FD45DE /* Debug */,
				B58E91CF1D8ED04000FD45DE /* Release */,
			);
			defaultConfigurationIsVisible = 0;
			defaultConfigurationName = Release;
		};
		B58E91D01D8ED04000FD45DE /* Build configuration list for PBXNativeTarget "Date" */ = {
			isa = XCConfigurationList;
			buildConfigurations = (
				B58E91D11D8ED04000FD45DE /* Debug */,
				B58E91D21D8ED04000FD45DE /* Release */,
			);
			defaultConfigurationIsVisible = 0;
			defaultConfigurationName = Release;
		};
/* End XCConfigurationList section */
	};
	rootObject = B58E91B41D8ED04000FD45DE /* Project object */;
}
